
Microsoft Visual Studio Solution File, Format Version 12.00
# Visual Studio 15
VisualStudioVersion = 15.0.27004.2009
MinimumVisualStudioVersion = 10.0.40219.1
Project("{FAE04EC0-301F-11D3-BF4B-00C04F79EFBC}") = "jpgsorter", "jpgsorter\jpgsorter.csproj", "{9FBC92C7-A912-4B5B-B9A3-E3968122FEBC}"
EndProject
Project("{FAE04EC0-301F-11D3-BF4B-00C04F79EFBC}") = "jpginfo", "jpginfo\jpginfo.csproj", "{7197A9BF-E133-4ACA-8F83-ADD487AF6EA5}"
EndProject
Global
	GlobalSection(SolutionConfigurationPlatforms) = preSolution
		Debug|Any CPU = Debug|Any CPU
		Release|Any CPU = Release|Any CPU
	EndGlobalSection
	GlobalSection(ProjectConfigurationPlatforms) = postSolution
		{9FBC92C7-A912-4B5B-B9A3-E3968122FEBC}.Debug|Any CPU.ActiveCfg = Debug|Any CPU
		{9FBC92C7-A912-4B5B-B9A3-E3968122FEBC}.Debug|Any CPU.Build.0 = Debug|Any CPU
		{9FBC92C7-A912-4B5B-B9A3-E3968122FEBC}.Release|Any CPU.ActiveCfg = Release|Any CPU
		{9FBC92C7-A912-4B5B-B9A3-E3968122FEBC}.Release|Any CPU.Build.0 = Release|Any CPU
		{7197A9BF-E133-4ACA-8F83-ADD487AF6EA5}.Debug|Any CPU.ActiveCfg = Debug|Any CPU
		{7197A9BF-E133-4ACA-8F83-ADD487AF6EA5}.Debug|Any CPU.Build.0 = Debug|Any CPU
		{7197A9BF-E133-4ACA-8F83-ADD487AF6EA5}.Release|Any CPU.ActiveCfg = Release|Any CPU
		{7197A9BF-E133-4ACA-8F83-ADD487AF6EA5}.Release|Any CPU.Build.0 = Release|Any CPU
	EndGlobalSection
	GlobalSection(SolutionProperties) = preSolution
		HideSolutionNode = FALSE
	EndGlobalSection
	GlobalSection(ExtensibilityGlobals) = postSolution
		SolutionGuid = {69052D25-E59A-4FD1-BF63-C441BEA2B13B}
	EndGlobalSection
EndGlobal
